
Microsoft Visual Studio Solution File, Format Version 12.00
# Visual Studio Version 16
VisualStudioVersion = 16.0.30114.105
MinimumVisualStudioVersion = 10.0.40219.1
Project("{FAE04EC0-301F-11D3-BF4B-00C04F79EFBC}") = "VsUnityDebugHelper", "VsUnityDebugHelper\VsUnityDebugHelper.csproj", "{8E835B1C-A69C-4427-AB7A-0063524040D4}"
EndProject
Global
	GlobalSection(SolutionConfigurationPlatforms) = preSolution
		Debug|Any CPU = Debug|Any CPU
		Release|Any CPU = Release|Any CPU
	EndGlobalSection
	GlobalSection(ProjectConfigurationPlatforms) = postSolution
		{8E835B1C-A69C-4427-AB7A-0063524040D4}.Debug|Any CPU.ActiveCfg = Debug|Any CPU
		{8E835B1C-A69C-4427-AB7A-0063524040D4}.Debug|Any CPU.Build.0 = Debug|Any CPU
		{8E835B1C-A69C-4427-AB7A-0063524040D4}.Release|Any CPU.ActiveCfg = Release|Any CPU
		{8E835B1C-A69C-4427-AB7A-0063524040D4}.Release|Any CPU.Build.0 = Release|Any CPU
	EndGlobalSection
	GlobalSection(SolutionProperties) = preSolution
		HideSolutionNode = FALSE
	EndGlobalSection
	GlobalSection(ExtensibilityGlobals) = postSolution
		SolutionGuid = {D913819B-4B2C-42E4-A7FB-053C05375A67}
	EndGlobalSection
EndGlobal
